<?xml version="1.0" encoding="utf-8"?>
<Project ToolsVersion="16.0" xmlns="http://schemas.microsoft.com/developer/msbuild/2003">
  <ItemGroup>
    <ClCompile Include="src\second.cpp">
      <Filter>Source Files</Filter>
    </ClCompile>
    <ClCompile Include="src\TComplex.cpp">
      <Filter>Source Files</Filter>
    </ClCompile>
  </ItemGroup>
  <ItemGroup>
    <ClInclude Include="headers\TComplex.h">
      <Filter>Header Files</Filter>
    </ClInclude>
  </ItemGroup>
  <ItemGroup>
    <CustomBuild Include="D:\GIT\secondSem_secLab\CMakeLists.txt" />
  </ItemGroup>
  <ItemGroup>
    <Filter Include="Header Files">
      <UniqueIdentifier>{C3FB6231-B5E6-383E-A45C-D80243B28B3D}</UniqueIdentifier>
    </Filter>
    <Filter Include="Source Files">
      <UniqueIdentifier>{91BC68F3-EE76-3203-9C75-64C239B9C040}</UniqueIdentifier>
    </Filter>
  </ItemGroup>
</Project>